
Microsoft Visual Studio Solution File, Format Version 12.00
# Visual Studio Version 17
VisualStudioVersion = 17.9.34902.65
MinimumVisualStudioVersion = 10.0.40219.1
Project("{FAE04EC0-301F-11D3-BF4B-00C04F79EFBC}") = "DeviceServiceServer", "DeviceServiceServer\DeviceServiceServer.csproj", "{F541D9A3-97B6-4073-87FE-7D2742788FF5}"
EndProject
Global
	GlobalSection(SolutionConfigurationPlatforms) = preSolution
		Debug|Any CPU = Debug|Any CPU
		Release|Any CPU = Release|Any CPU
	EndGlobalSection
	GlobalSection(ProjectConfigurationPlatforms) = postSolution
		{F541D9A3-97B6-4073-87FE-7D2742788FF5}.Debug|Any CPU.ActiveCfg = Debug|Any CPU
		{F541D9A3-97B6-4073-87FE-7D2742788FF5}.Debug|Any CPU.Build.0 = Debug|Any CPU
		{F541D9A3-97B6-4073-87FE-7D2742788FF5}.Release|Any CPU.ActiveCfg = Release|Any CPU
		{F541D9A3-97B6-4073-87FE-7D2742788FF5}.Release|Any CPU.Build.0 = Release|Any CPU
	EndGlobalSection
	GlobalSection(SolutionProperties) = preSolution
		HideSolutionNode = FALSE
	EndGlobalSection
	GlobalSection(ExtensibilityGlobals) = postSolution
		SolutionGuid = {5D20511D-2034-42C5-907F-BE078BDC7FEE}
	EndGlobalSection
EndGlobal
